
Microsoft Visual Studio Solution File, Format Version 12.00
# Visual Studio Version 17
VisualStudioVersion = 17.14.36623.8
MinimumVisualStudioVersion = 10.0.40219.1
Project("{FAE04EC0-301F-11D3-BF4B-00C04F79EFBC}") = "PvzLauncherRemake", "PvzLauncherRemake\PvzLauncherRemake.csproj", "{1340F4C5-8386-4018-9B55-9BD30FC69C1A}"
EndProject
Project("{FAE04EC0-301F-11D3-BF4B-00C04F79EFBC}") = "ExecuteShell", "ExecuteShell\ExecuteShell.csproj", "{3C28315A-296D-4F00-B7D9-398542359F47}"
EndProject
Project("{FAE04EC0-301F-11D3-BF4B-00C04F79EFBC}") = "UpdateService", "UpdateService\UpdateService.csproj", "{9ABF9664-4AF0-4FC8-B5E4-ABB44FFE3DA9}"
EndProject
Global
	GlobalSection(SolutionConfigurationPlatforms) = preSolution
		Release|Any CPU = Release|Any CPU
	EndGlobalSection
	GlobalSection(ProjectConfigurationPlatforms) = postSolution
		{1340F4C5-8386-4018-9B55-9BD30FC69C1A}.Release|Any CPU.ActiveCfg = Release|Any CPU
		{1340F4C5-8386-4018-9B55-9BD30FC69C1A}.Release|Any CPU.Build.0 = Release|Any CPU
		{3C28315A-296D-4F00-B7D9-398542359F47}.Release|Any CPU.ActiveCfg = Release|Any CPU
		{3C28315A-296D-4F00-B7D9-398542359F47}.Release|Any CPU.Build.0 = Release|Any CPU
		{9ABF9664-4AF0-4FC8-B5E4-ABB44FFE3DA9}.Release|Any CPU.ActiveCfg = Release|Any CPU
		{9ABF9664-4AF0-4FC8-B5E4-ABB44FFE3DA9}.Release|Any CPU.Build.0 = Release|Any CPU
	EndGlobalSection
	GlobalSection(SolutionProperties) = preSolution
		HideSolutionNode = FALSE
	EndGlobalSection
	GlobalSection(ExtensibilityGlobals) = postSolution
		SolutionGuid = {53BB381A-7F72-44CE-927B-5173406863D3}
	EndGlobalSection
EndGlobal
