Microsoft Visual Studio Solution File, Format Version 12.00
# Visual Studio Version 17
VisualStudioVersion = 17.5.2.0
MinimumVisualStudioVersion = 10.0.40219.1
Project("{FAE04EC0-301F-11D3-BF4B-00C04F79EFBC}") = "ExecuteShell", "ExecuteShell\ExecuteShell.csproj", "{F1844637-61CD-D74D-40D5-B6FDF53C2E63}"
EndProject
Project("{FAE04EC0-301F-11D3-BF4B-00C04F79EFBC}") = "PvzLauncherRemake", "PvzLauncherRemake\PvzLauncherRemake.csproj", "{7C7DB281-9C54-7497-965F-E7B7AE1FD7FE}"
EndProject
Project("{FAE04EC0-301F-11D3-BF4B-00C04F79EFBC}") = "UpdateService", "UpdateService\UpdateService.csproj", "{C4A1974F-309F-6D8A-73DF-9954023B821B}"
EndProject
Global
	GlobalSection(SolutionConfigurationPlatforms) = preSolution
		Debug|Any CPU = Debug|Any CPU
		Release|Any CPU = Release|Any CPU
	EndGlobalSection
	GlobalSection(ProjectConfigurationPlatforms) = postSolution
		{F1844637-61CD-D74D-40D5-B6FDF53C2E63}.Debug|Any CPU.ActiveCfg = Debug|Any CPU
		{F1844637-61CD-D74D-40D5-B6FDF53C2E63}.Debug|Any CPU.Build.0 = Debug|Any CPU
		{F1844637-61CD-D74D-40D5-B6FDF53C2E63}.Release|Any CPU.ActiveCfg = Release|Any CPU
		{F1844637-61CD-D74D-40D5-B6FDF53C2E63}.Release|Any CPU.Build.0 = Release|Any CPU
		{7C7DB281-9C54-7497-965F-E7B7AE1FD7FE}.Debug|Any CPU.ActiveCfg = Debug|Any CPU
		{7C7DB281-9C54-7497-965F-E7B7AE1FD7FE}.Debug|Any CPU.Build.0 = Debug|Any CPU
		{7C7DB281-9C54-7497-965F-E7B7AE1FD7FE}.Release|Any CPU.ActiveCfg = Release|Any CPU
		{7C7DB281-9C54-7497-965F-E7B7AE1FD7FE}.Release|Any CPU.Build.0 = Release|Any CPU
		{C4A1974F-309F-6D8A-73DF-9954023B821B}.Debug|Any CPU.ActiveCfg = Debug|Any CPU
		{C4A1974F-309F-6D8A-73DF-9954023B821B}.Debug|Any CPU.Build.0 = Debug|Any CPU
		{C4A1974F-309F-6D8A-73DF-9954023B821B}.Release|Any CPU.ActiveCfg = Release|Any CPU
		{C4A1974F-309F-6D8A-73DF-9954023B821B}.Release|Any CPU.Build.0 = Release|Any CPU
	EndGlobalSection
	GlobalSection(SolutionProperties) = preSolution
		HideSolutionNode = FALSE
	EndGlobalSection
	GlobalSection(ExtensibilityGlobals) = postSolution
		SolutionGuid = {1A9ECA86-2512-4D6E-9C3C-2DAB6EBC4E94}
	EndGlobalSection
EndGlobal
